// !$*UTF8*$!
{
	archiveVersion = 1;
	classes = {
	};
	objectVersion = 55;
	objects = {

/* Begin PBXBuildFile section */
		20353CE429BA0D5800F6BD91 /* AppDelegate.swift in Sources */ = {isa = PBXBuildFile; fileRef = 20353CE329BA0D5800F6BD91 /* AppDelegate.swift */; };
		20353CE629BA0D5800F6BD91 /* SceneDelegate.swift in Sources */ = {isa = PBXBuildFile; fileRef = 20353CE529BA0D5800F6BD91 /* SceneDelegate.swift */; };
		20353CEB29BA0D5800F6BD91 /* Main.storyboard in Resources */ = {isa = PBXBuildFile; fileRef = 20353CE929BA0D5800F6BD91 /* Main.storyboard */; };
		20353CED29BA0D5900F6BD91 /* Assets.xcassets in Resources */ = {isa = PBXBuildFile; fileRef = 20353CEC29BA0D5900F6BD91 /* Assets.xcassets */; };
		20353CF029BA0D5900F6BD91 /* LaunchScreen.storyboard in Resources */ = {isa = PBXBuildFile; fileRef = 20353CEE29BA0D5900F6BD91 /* LaunchScreen.storyboard */; };
		20353CFB29BA0D5900F6BD91 /* CardWorkoutTests.swift in Sources */ = {isa = PBXBuildFile; fileRef = 20353CFA29BA0D5900F6BD91 /* CardWorkoutTests.swift */; };
		20353D0529BA0D5900F6BD91 /* CardWorkoutUITests.swift in Sources */ = {isa = PBXBuildFile; fileRef = 20353D0429BA0D5900F6BD91 /* CardWorkoutUITests.swift */; };
		20353D0729BA0D5900F6BD91 /* CardWorkoutUITestsLaunchTests.swift in Sources */ = {isa = PBXBuildFile; fileRef = 20353D0629BA0D5900F6BD91 /* CardWorkoutUITestsLaunchTests.swift */; };
		20353D1429BA0D9A00F6BD91 /* CardSelectionVC.swift in Sources */ = {isa = PBXBuildFile; fileRef = 20353D1329BA0D9A00F6BD91 /* CardSelectionVC.swift */; };
		20353D1629BA1CED00F6BD91 /* RulesVC.swift in Sources */ = {isa = PBXBuildFile; fileRef = 20353D1529BA1CED00F6BD91 /* RulesVC.swift */; };
		20353D1829BA26F800F6BD91 /* Card.swift in Sources */ = {isa = PBXBuildFile; fileRef = 20353D1729BA26F800F6BD91 /* Card.swift */; };
/* End PBXBuildFile section */

/* Begin PBXContainerItemProxy section */
		20353CF729BA0D5900F6BD91 /* PBXContainerItemProxy */ = {
			isa = PBXContainerItemProxy;
			containerPortal = 20353CD829BA0D5800F6BD91 /* Project object */;
			proxyType = 1;
			remoteGlobalIDString = 20353CDF29BA0D5800F6BD91;
			remoteInfo = CardWorkout;
		};
		20353D0129BA0D5900F6BD91 /* PBXContainerItemProxy */ = {
			isa = PBXContainerItemProxy;
			containerPortal = 20353CD829BA0D5800F6BD91 /* Project object */;
			proxyType = 1;
			remoteGlobalIDString = 20353CDF29BA0D5800F6BD91;
			remoteInfo = CardWorkout;
		};
/* End PBXContainerItemProxy section */

/* Begin PBXFileReference section */
		20353CE029BA0D5800F6BD91 /* CardWorkout.app */ = {isa = PBXFileReference; explicitFileType = wrapper.application; includeInIndex = 0; path = CardWorkout.app; sourceTree = BUILT_PRODUCTS_DIR; };
		20353CE329BA0D5800F6BD91 /* AppDelegate.swift */ = {isa = PBXFileReference; lastKnownFileType = sourcecode.swift; path = AppDelegate.swift; sourceTree = "<group>"; };
		20353CE529BA0D5800F6BD91 /* SceneDelegate.swift */ = {isa = PBXFileReference; lastKnownFileType = sourcecode.swift; path = SceneDelegate.swift; sourceTree = "<group>"; };
		20353CEA29BA0D5800F6BD91 /* Base */ = {isa = PBXFileReference; lastKnownFileType = file.storyboard; name = Base; path = Base.lproj/Main.storyboard; sourceTree = "<group>"; };
		20353CEC29BA0D5900F6BD91 /* Assets.xcassets */ = {isa = PBXFileReference; lastKnownFileType = folder.assetcatalog; path = Assets.xcassets; sourceTree = "<group>"; };
		20353CEF29BA0D5900F6BD91 /* Base */ = {isa = PBXFileReference; lastKnownFileType = file.storyboard; name = Base; path = Base.lproj/LaunchScreen.storyboard; sourceTree = "<group>"; };
		20353CF129BA0D5900F6BD91 /* Info.plist */ = {isa = PBXFileReference; lastKnownFileType = text.plist.xml; path = Info.plist; sourceTree = "<group>"; };
		20353CF629BA0D5900F6BD91 /* CardWorkoutTests.xctest */ = {isa = PBXFileReference; explicitFileType = wrapper.cfbundle; includeInIndex = 0; path = CardWorkoutTests.xctest; sourceTree = BUILT_PRODUCTS_DIR; };
		20353CFA29BA0D5900F6BD91 /* CardWorkoutTests.swift */ = {isa = PBXFileReference; lastKnownFileType = sourcecode.swift; path = CardWorkoutTests.swift; sourceTree = "<group>"; };
		20353D0029BA0D5900F6BD91 /* CardWorkoutUITests.xctest */ = {isa = PBXFileReference; explicitFileType = wrapper.cfbundle; includeInIndex = 0; path = CardWorkoutUITests.xctest; sourceTree = BUILT_PRODUCTS_DIR; };
		20353D0429BA0D5900F6BD91 /* CardWorkoutUITests.swift */ = {isa = PBXFileReference; lastKnownFileType = sourcecode.swift; path = CardWorkoutUITests.swift; sourceTree = "<group>"; };
		20353D0629BA0D5900F6BD91 /* CardWorkoutUITestsLaunchTests.swift */ = {isa = PBXFileReference; lastKnownFileType = sourcecode.swift; path = CardWorkoutUITestsLaunchTests.swift; sourceTree = "<group>"; };
		20353D1329BA0D9A00F6BD91 /* CardSelectionVC.swift */ = {isa = PBXFileReference; lastKnownFileType = sourcecode.swift; path = CardSelectionVC.swift; sourceTree = "<group>"; };
		20353D1529BA1CED00F6BD91 /* RulesVC.swift */ = {isa = PBXFileReference; lastKnownFileType = sourcecode.swift; path = RulesVC.swift; sourceTree = "<group>"; };
		20353D1729BA26F800F6BD91 /* Card.swift */ = {isa = PBXFileReference; lastKnownFileType = sourcecode.swift; path = Card.swift; sourceTree = "<group>"; };
/* End PBXFileReference section */

/* Begin PBXFrameworksBuildPhase section */
		20353CDD29BA0D5800F6BD91 /* Frameworks */ = {
			isa = PBXFrameworksBuildPhase;
			buildActionMask = 2147483647;
			files = (
			);
			runOnlyForDeploymentPostprocessing = 0;
		};
		20353CF329BA0D5900F6BD91 /* Frameworks */ = {
			isa = PBXFrameworksBuildPhase;
			buildActionMask = 2147483647;
			files = (
			);
			runOnlyForDeploymentPostprocessing = 0;
		};
		20353CFD29BA0D5900F6BD91 /* Frameworks */ = {
			isa = PBXFrameworksBuildPhase;
			buildActionMask = 2147483647;
			files = (
			);
			runOnlyForDeploymentPostprocessing = 0;
		};
/* End PBXFrameworksBuildPhase section */

/* Begin PBXGroup section */
		20353CD729BA0D5800F6BD91 = {
			isa = PBXGroup;
			children = (
				20353CE229BA0D5800F6BD91 /* CardWorkout */,
				20353CF929BA0D5900F6BD91 /* CardWorkoutTests */,
				20353D0329BA0D5900F6BD91 /* CardWorkoutUITests */,
				20353CE129BA0D5800F6BD91 /* Products */,
			);
			sourceTree = "<group>";
		};
		20353CE129BA0D5800F6BD91 /* Products */ = {
			isa = PBXGroup;
			children = (
				20353CE029BA0D5800F6BD91 /* CardWorkout.app */,
				20353CF629BA0D5900F6BD91 /* CardWorkoutTests.xctest */,
				20353D0029BA0D5900F6BD91 /* CardWorkoutUITests.xctest */,
			);
			name = Products;
			sourceTree = "<group>";
		};
		20353CE229BA0D5800F6BD91 /* CardWorkout */ = {
			isa = PBXGroup;
			children = (
				20353CE329BA0D5800F6BD91 /* AppDelegate.swift */,
				20353CE529BA0D5800F6BD91 /* SceneDelegate.swift */,
				20353D1329BA0D9A00F6BD91 /* CardSelectionVC.swift */,
				20353D1529BA1CED00F6BD91 /* RulesVC.swift */,
				20353CE929BA0D5800F6BD91 /* Main.storyboard */,
				20353CEC29BA0D5900F6BD91 /* Assets.xcassets */,
				20353CEE29BA0D5900F6BD91 /* LaunchScreen.storyboard */,
				20353CF129BA0D5900F6BD91 /* Info.plist */,
				20353D1729BA26F800F6BD91 /* Card.swift */,
			);
			path = CardWorkout;
			sourceTree = "<group>";
		};
		20353CF929BA0D5900F6BD91 /* CardWorkoutTests */ = {
			isa = PBXGroup;
			children = (
				20353CFA29BA0D5900F6BD91 /* CardWorkoutTests.swift */,
			);
			path = CardWorkoutTests;
			sourceTree = "<group>";
		};
		20353D0329BA0D5900F6BD91 /* CardWorkoutUITests */ = {
			isa = PBXGroup;
			children = (
				20353D0429BA0D5900F6BD91 /* CardWorkoutUITests.swift */,
				20353D0629BA0D5900F6BD91 /* CardWorkoutUITestsLaunchTests.swift */,
			);
			path = CardWorkoutUITests;
			sourceTree = "<group>";
		};
/* End PBXGroup section */

/* Begin PBXNativeTarget section */
		20353CDF29BA0D5800F6BD91 /* CardWorkout */ = {
			isa = PBXNativeTarget;
			buildConfigurationList = 20353D0A29BA0D5900F6BD91 /* Build configuration list for PBXNativeTarget "CardWorkout" */;
			buildPhases = (
				20353CDC29BA0D5800F6BD91 /* Sources */,
				20353CDD29BA0D5800F6BD91 /* Frameworks */,
				20353CDE29BA0D5800F6BD91 /* Resources */,
			);
			buildRules = (
			);
			dependencies = (
			);
			name = CardWorkout;
			productName = CardWorkout;
			productReference = 20353CE029BA0D5800F6BD91 /* CardWorkout.app */;
			productType = "com.apple.product-type.application";
		};
		20353CF529BA0D5900F6BD91 /* CardWorkoutTests */ = {
			isa = PBXNativeTarget;
			buildConfigurationList = 20353D0D29BA0D5900F6BD91 /* Build configuration list for PBXNativeTarget "CardWorkoutTests" */;
			buildPhases = (
				20353CF229BA0D5900F6BD91 /* Sources */,
				20353CF329BA0D5900F6BD91 /* Frameworks */,
				20353CF429BA0D5900F6BD91 /* Resources */,
			);
			buildRules = (
			);
			dependencies = (
				20353CF829BA0D5900F6BD91 /* PBXTargetDependency */,
			);
			name = CardWorkoutTests;
			productName = CardWorkoutTests;
			productReference = 20353CF629BA0D5900F6BD91 /* CardWorkoutTests.xctest */;
			productType = "com.apple.product-type.bundle.unit-test";
		};
		20353CFF29BA0D5900F6BD91 /* CardWorkoutUITests */ = {
			isa = PBXNativeTarget;
			buildConfigurationList = 20353D1029BA0D5900F6BD91 /* Build configuration list for PBXNativeTarget "CardWorkoutUITests" */;
			buildPhases = (
				20353CFC29BA0D5900F6BD91 /* Sources */,
				20353CFD29BA0D5900F6BD91 /* Frameworks */,
				20353CFE29BA0D5900F6BD91 /* Resources */,
			);
			buildRules = (
			);
			dependencies = (
				20353D0229BA0D5900F6BD91 /* PBXTargetDependency */,
			);
			name = CardWorkoutUITests;
			productName = CardWorkoutUITests;
			productReference = 20353D0029BA0D5900F6BD91 /* CardWorkoutUITests.xctest */;
			productType = "com.apple.product-type.bundle.ui-testing";
		};
/* End PBXNativeTarget section */

/* Begin PBXProject section */
		20353CD829BA0D5800F6BD91 /* Project object */ = {
			isa = PBXProject;
			attributes = {
				BuildIndependentTargetsInParallel = 1;
				LastSwiftUpdateCheck = 1340;
				LastUpgradeCheck = 1340;
				TargetAttributes = {
					20353CDF29BA0D5800F6BD91 = {
						CreatedOnToolsVersion = 13.4.1;
					};
					20353CF529BA0D5900F6BD91 = {
						CreatedOnToolsVersion = 13.4.1;
						TestTargetID = 20353CDF29BA0D5800F6BD91;
					};
					20353CFF29BA0D5900F6BD91 = {
						CreatedOnToolsVersion = 13.4.1;
						TestTargetID = 20353CDF29BA0D5800F6BD91;
					};
				};
			};
			buildConfigurationList = 20353CDB29BA0D5800F6BD91 /* Build configuration list for PBXProject "CardWorkout" */;
			compatibilityVersion = "Xcode 13.0";
			developmentRegion = en;
			hasScannedForEncodings = 0;
			knownRegions = (
				en,
				Base,
			);
			mainGroup = 20353CD729BA0D5800F6BD91;
			productRefGroup = 20353CE129BA0D5800F6BD91 /* Products */;
			projectDirPath = "";
			projectRoot = "";
			targets = (
				20353CDF29BA0D5800F6BD91 /* CardWorkout */,
				20353CF529BA0D5900F6BD91 /* CardWorkoutTests */,
				20353CFF29BA0D5900F6BD91 /* CardWorkoutUITests */,
			);
		};
/* End PBXProject section */

/* Begin PBXResourcesBuildPhase section */
		20353CDE29BA0D5800F6BD91 /* Resources */ = {
			isa = PBXResourcesBuildPhase;
			buildActionMask = 2147483647;
			files = (
				20353CF029BA0D5900F6BD91 /* LaunchScreen.storyboard in Resources */,
				20353CED29BA0D5900F6BD91 /* Assets.xcassets in Resources */,
				20353CEB29BA0D5800F6BD91 /* Main.storyboard in Resources */,
			);
			runOnlyForDeploymentPostprocessing = 0;
		};
		20353CF429BA0D5900F6BD91 /* Resources */ = {
			isa = PBXResourcesBuildPhase;
			buildActionMask = 2147483647;
			files = (
			);
			runOnlyForDeploymentPostprocessing = 0;
		};
		20353CFE29BA0D5900F6BD91 /* Resources */ = {
			isa = PBXResourcesBuildPhase;
			buildActionMask = 2147483647;
			files = (
			);
			runOnlyForDeploymentPostprocessing = 0;
		};
/* End PBXResourcesBuildPhase section */

/* Begin PBXSourcesBuildPhase section */
		20353CDC29BA0D5800F6BD91 /* Sources */ = {
			isa = PBXSourcesBuildPhase;
			buildActionMask = 2147483647;
			files = (
				20353D1629BA1CED00F6BD91 /* RulesVC.swift in Sources */,
				20353CE429BA0D5800F6BD91 /* AppDelegate.swift in Sources */,
				20353D1829BA26F800F6BD91 /* Card.swift in Sources */,
				20353CE629BA0D5800F6BD91 /* SceneDelegate.swift in Sources */,
				20353D1429BA0D9A00F6BD91 /* CardSelectionVC.swift in Sources */,
			);
			runOnlyForDeploymentPostprocessing = 0;
		};
		20353CF229BA0D5900F6BD91 /* Sources */ = {
			isa = PBXSourcesBuildPhase;
			buildActionMask = 2147483647;
			files = (
				20353CFB29BA0D5900F6BD91 /* CardWorkoutTests.swift in Sources */,
			);
			runOnlyForDeploymentPostprocessing = 0;
		};
		20353CFC29BA0D5900F6BD91 /* Sources */ = {
			isa = PBXSourcesBuildPhase;
			buildActionMask = 2147483647;
			files = (
				20353D0729BA0D5900F6BD91 /* CardWorkoutUITestsLaunchTests.swift in Sources */,
				20353D0529BA0D5900F6BD91 /* CardWorkoutUITests.swift in Sources */,
			);
			runOnlyForDeploymentPostprocessing = 0;
		};
/* End PBXSourcesBuildPhase section */

/* Begin PBXTargetDependency section */
		20353CF829BA0D5900F6BD91 /* PBXTargetDependency */ = {
			isa = PBXTargetDependency;
			target = 20353CDF29BA0D5800F6BD91 /* CardWorkout */;
			targetProxy = 20353CF729BA0D5900F6BD91 /* PBXContainerItemProxy */;
		};
		20353D0229BA0D5900F6BD91 /* PBXTargetDependency */ = {
			isa = PBXTargetDependency;
			target = 20353CDF29BA0D5800F6BD91 /* CardWorkout */;
			targetProxy = 20353D0129BA0D5900F6BD91 /* PBXContainerItemProxy */;
		};
/* End PBXTargetDependency section */

/* Begin PBXVariantGroup section */
		20353CE929BA0D5800F6BD91 /* Main.storyboard */ = {
			isa = PBXVariantGroup;
			children = (
				20353CEA29BA0D5800F6BD91 /* Base */,
			);
			name = Main.storyboard;
			sourceTree = "<group>";
		};
		20353CEE29BA0D5900F6BD91 /* LaunchScreen.storyboard */ = {
			isa = PBXVariantGroup;
			children = (
				20353CEF29BA0D5900F6BD91 /* Base */,
			);
			name = LaunchScreen.storyboard;
			sourceTree = "<group>";
		};
/* End PBXVariantGroup section */

/* Begin XCBuildConfiguration section */
		20353D0829BA0D5900F6BD91 /* Debug */ = {
			isa = XCBuildConfiguration;
			buildSettings = {
				ALWAYS_SEARCH_USER_PATHS = NO;
				CLANG_ANALYZER_NONNULL = YES;
				CLANG_ANALYZER_NUMBER_OBJECT_CONVERSION = YES_AGGRESSIVE;
				CLANG_CXX_LANGUAGE_STANDARD = "gnu++17";
				CLANG_ENABLE_MODULES = YES;
				CLANG_ENABLE_OBJC_ARC = YES;
				CLANG_ENABLE_OBJC_WEAK = YES;
				CLANG_WARN_BLOCK_CAPTURE_AUTORELEASING = YES;
				CLANG_WARN_BOOL_CONVERSION = YES;
				CLANG_WARN_COMMA = YES;
				CLANG_WARN_CONSTANT_CONVERSION = YES;
				CLANG_WARN_DEPRECATED_OBJC_IMPLEMENTATIONS = YES;
				CLANG_WARN_DIRECT_OBJC_ISA_USAGE = YES_ERROR;
				CLANG_WARN_DOCUMENTATION_COMMENTS = YES;
				CLANG_WARN_EMPTY_BODY = YES;
				CLANG_WARN_ENUM_CONVERSION = YES;
				CLANG_WARN_INFINITE_RECURSION = YES;
				CLANG_WARN_INT_CONVERSION = YES;
				CLANG_WARN_NON_LITERAL_NULL_CONVERSION = YES;
				CLANG_WARN_OBJC_IMPLICIT_RETAIN_SELF = YES;
				CLANG_WARN_OBJC_LITERAL_CONVERSION = YES;
				CLANG_WARN_OBJC_ROOT_CLASS = YES_ERROR;
				CLANG_WARN_QUOTED_INCLUDE_IN_FRAMEWORK_HEADER = YES;
				CLANG_WARN_RANGE_LOOP_ANALYSIS = YES;
				CLANG_WARN_STRICT_PROTOTYPES = YES;
				CLANG_WARN_SUSPICIOUS_MOVE = YES;
				CLANG_WARN_UNGUARDED_AVAILABILITY = YES_AGGRESSIVE;
				CLANG_WARN_UNREACHABLE_CODE = YES;
				CLANG_WARN__DUPLICATE_METHOD_MATCH = YES;
				COPY_PHASE_STRIP = NO;
				DEBUG_INFORMATION_FORMAT = dwarf;
				ENABLE_STRICT_OBJC_MSGSEND = YES;
				ENABLE_TESTABILITY = YES;
				GCC_C_LANGUAGE_STANDARD = gnu11;
				GCC_DYNAMIC_NO_PIC = NO;
				GCC_NO_COMMON_BLOCKS = YES;
				GCC_OPTIMIZATION_LEVEL = 0;
				GCC_PREPROCESSOR_DEFINITIONS = (
					"DEBUG=1",
					"$(inherited)",
				);
				GCC_WARN_64_TO_32_BIT_CONVERSION = YES;
				GCC_WARN_ABOUT_RETURN_TYPE = YES_ERROR;
				GCC_WARN_UNDECLARED_SELECTOR = YES;
				GCC_WARN_UNINITIALIZED_AUTOS = YES_AGGRESSIVE;
				GCC_WARN_UNUSED_FUNCTION = YES;
				GCC_WARN_UNUSED_VARIABLE = YES;
				IPHONEOS_DEPLOYMENT_TARGET = 15.5;
				MTL_ENABLE_DEBUG_INFO = INCLUDE_SOURCE;
				MTL_FAST_MATH = YES;
				ONLY_ACTIVE_ARCH = YES;
				SDKROOT = iphoneos;
				SWIFT_ACTIVE_COMPILATION_CONDITIONS = DEBUG;
				SWIFT_OPTIMIZATION_LEVEL = "-Onone";
			};
			name = Debug;
		};
		20353D0929BA0D5900F6BD91 /* Release */ = {
			isa = XCBuildConfiguration;
			buildSettings = {
				ALWAYS_SEARCH_USER_PATHS = NO;
				CLANG_ANALYZER_NONNULL = YES;
				CLANG_ANALYZER_NUMBER_OBJECT_CONVERSION = YES_AGGRESSIVE;
				CLANG_CXX_LANGUAGE_STANDARD = "gnu++17";
				CLANG_ENABLE_MODULES = YES;
				CLANG_ENABLE_OBJC_ARC = YES;
				CLANG_ENABLE_OBJC_WEAK = YES;
				CLANG_WARN_BLOCK_CAPTURE_AUTORELEASING = YES;
				CLANG_WARN_BOOL_CONVERSION = YES;
				CLANG_WARN_COMMA = YES;
				CLANG_WARN_CONSTANT_CONVERSION = YES;
				CLANG_WARN_DEPRECATED_OBJC_IMPLEMENTATIONS = YES;
				CLANG_WARN_DIRECT_OBJC_ISA_USAGE = YES_ERROR;
				CLANG_WARN_DOCUMENTATION_COMMENTS = YES;
				CLANG_WARN_EMPTY_BODY = YES;
				CLANG_WARN_ENUM_CONVERSION = YES;
				CLANG_WARN_INFINITE_RECURSION = YES;
				CLANG_WARN_INT_CONVERSION = YES;
				CLANG_WARN_NON_LITERAL_NULL_CONVERSION = YES;
				CLANG_WARN_OBJC_IMPLICIT_RETAIN_SELF = YES;
				CLANG_WARN_OBJC_LITERAL_CONVERSION = YES;
				CLANG_WARN_OBJC_ROOT_CLASS = YES_ERROR;
				CLANG_WARN_QUOTED_INCLUDE_IN_FRAMEWORK_HEADER = YES;
				CLANG_WARN_RANGE_LOOP_ANALYSIS = YES;
				CLANG_WARN_STRICT_PROTOTYPES = YES;
				CLANG_WARN_SUSPICIOUS_MOVE = YES;
				CLANG_WARN_UNGUARDED_AVAILABILITY = YES_AGGRESSIVE;
				CLANG_WARN_UNREACHABLE_CODE = YES;
				CLANG_WARN__DUPLICATE_METHOD_MATCH = YES;
				COPY_PHASE_STRIP = NO;
				DEBUG_INFORMATION_FORMAT = "dwarf-with-dsym";
				ENABLE_NS_ASSERTIONS = NO;
				ENABLE_STRICT_OBJC_MSGSEND = YES;
				GCC_C_LANGUAGE_STANDARD = gnu11;
				GCC_NO_COMMON_BLOCKS = YES;
				GCC_WARN_64_TO_32_BIT_CONVERSION = YES;
				GCC_WARN_ABOUT_RETURN_TYPE = YES_ERROR;
				GCC_WARN_UNDECLARED_SELECTOR = YES;
				GCC_WARN_UNINITIALIZED_AUTOS = YES_AGGRESSIVE;
				GCC_WARN_UNUSED_FUNCTION = YES;
				GCC_WARN_UNUSED_VARIABLE = YES;
				IPHONEOS_DEPLOYMENT_TARGET = 15.5;
				MTL_ENABLE_DEBUG_INFO = NO;
				MTL_FAST_MATH = YES;
				SDKROOT = iphoneos;
				SWIFT_COMPILATION_MODE = wholemodule;
				SWIFT_OPTIMIZATION_LEVEL = "-O";
				VALIDATE_PRODUCT = YES;
			};
			name = Release;
		};
		20353D0B29BA0D5900F6BD91 /* Debug */ = {
			isa = XCBuildConfiguration;
			buildSettings = {
				ASSETCATALOG_COMPILER_APPICON_NAME = AppIcon;
				ASSETCATALOG_COMPILER_GLOBAL_ACCENT_COLOR_NAME = AccentColor;
				CODE_SIGN_STYLE = Automatic;
				CURRENT_PROJECT_VERSION = 1;
				GENERATE_INFOPLIST_FILE = YES;
				INFOPLIST_FILE = CardWorkout/Info.plist;
				INFOPLIST_KEY_UIApplicationSupportsIndirectInputEvents = YES;
				INFOPLIST_KEY_UILaunchStoryboardName = LaunchScreen;
				INFOPLIST_KEY_UIMainStoryboardFile = Main;
				INFOPLIST_KEY_UISupportedInterfaceOrientations_iPad = "UIInterfaceOrientationPortrait UIInterfaceOrientationPortraitUpsideDown UIInterfaceOrientationLandscapeLeft UIInterfaceOrientationLandscapeRight";
				INFOPLIST_KEY_UISupportedInterfaceOrientations_iPhone = "UIInterfaceOrientationPortrait UIInterfaceOrientationLandscapeLeft UIInterfaceOrientationLandscapeRight";
				LD_RUNPATH_SEARCH_PATHS = (
					"$(inherited)",
					"@executable_path/Frameworks",
				);
				MARKETING_VERSION = 1.0;
				PRODUCT_BUNDLE_IDENTIFIER = com.yeldarkaisabekov.CardWorkout;
				PRODUCT_NAME = "$(TARGET_NAME)";
				SWIFT_EMIT_LOC_STRINGS = YES;
				SWIFT_VERSION = 5.0;
				TARGETED_DEVICE_FAMILY = "1,2";
			};
			name = Debug;
		};
		20353D0C29BA0D5900F6BD91 /* Release */ = {
			isa = XCBuildConfiguration;
			buildSettings = {
				ASSETCATALOG_COMPILER_APPICON_NAME = AppIcon;
				ASSETCATALOG_COMPILER_GLOBAL_ACCENT_COLOR_NAME = AccentColor;
				CODE_SIGN_STYLE = Automatic;
				CURRENT_PROJECT_VERSION = 1;
				GENERATE_INFOPLIST_FILE = YES;
				INFOPLIST_FILE = CardWorkout/Info.plist;
				INFOPLIST_KEY_UIApplicationSupportsIndirectInputEvents = YES;
				INFOPLIST_KEY_UILaunchStoryboardName = LaunchScreen;
				INFOPLIST_KEY_UIMainStoryboardFile = Main;
				INFOPLIST_KEY_UISupportedInterfaceOrientations_iPad = "UIInterfaceOrientationPortrait UIInterfaceOrientationPortraitUpsideDown UIInterfaceOrientationLandscapeLeft UIInterfaceOrientationLandscapeRight";
				INFOPLIST_KEY_UISupportedInterfaceOrientations_iPhone = "UIInterfaceOrientationPortrait UIInterfaceOrientationLandscapeLeft UIInterfaceOrientationLandscapeRight";
				LD_RUNPATH_SEARCH_PATHS = (
					"$(inherited)",
					"@executable_path/Frameworks",
				);
				MARKETING_VERSION = 1.0;
				PRODUCT_BUNDLE_IDENTIFIER = com.yeldarkaisabekov.CardWorkout;
				PRODUCT_NAME = "$(TARGET_NAME)";
				SWIFT_EMIT_LOC_STRINGS = YES;
				SWIFT_VERSION = 5.0;
				TARGETED_DEVICE_FAMILY = "1,2";
			};
			name = Release;
		};
		20353D0E29BA0D5900F6BD91 /* Debug */ = {
			isa = XCBuildConfiguration;
			buildSettings = {
				ALWAYS_EMBED_SWIFT_STANDARD_LIBRARIES = YES;
				BUNDLE_LOADER = "$(TEST_HOST)";
				CODE_SIGN_STYLE = Automatic;
				CURRENT_PROJECT_VERSION = 1;
				GENERATE_INFOPLIST_FILE = YES;
				IPHONEOS_DEPLOYMENT_TARGET = 15.5;
				MARKETING_VERSION = 1.0;
				PRODUCT_BUNDLE_IDENTIFIER = com.yeldarkaisabekov.CardWorkoutTests;
				PRODUCT_NAME = "$(TARGET_NAME)";
				SWIFT_EMIT_LOC_STRINGS = NO;
				SWIFT_VERSION = 5.0;
				TARGETED_DEVICE_FAMILY = "1,2";
				TEST_HOST = "$(BUILT_PRODUCTS_DIR)/CardWorkout.app/CardWorkout";
			};
			name = Debug;
		};
		20353D0F29BA0D5900F6BD91 /* Release */ = {
			isa = XCBuildConfiguration;
			buildSettings = {
				ALWAYS_EMBED_SWIFT_STANDARD_LIBRARIES = YES;
				BUNDLE_LOADER = "$(TEST_HOST)";
				CODE_SIGN_STYLE = Automatic;
				CURRENT_PROJECT_VERSION = 1;
				GENERATE_INFOPLIST_FILE = YES;
				IPHONEOS_DEPLOYMENT_TARGET = 15.5;
				MARKETING_VERSION = 1.0;
				PRODUCT_BUNDLE_IDENTIFIER = com.yeldarkaisabekov.CardWorkoutTests;
				PRODUCT_NAME = "$(TARGET_NAME)";
				SWIFT_EMIT_LOC_STRINGS = NO;
				SWIFT_VERSION = 5.0;
				TARGETED_DEVICE_FAMILY = "1,2";
				TEST_HOST = "$(BUILT_PRODUCTS_DIR)/CardWorkout.app/CardWorkout";
			};
			name = Release;
		};
		20353D1129BA0D5900F6BD91 /* Debug */ = {
			isa = XCBuildConfiguration;
			buildSettings = {
				ALWAYS_EMBED_SWIFT_STANDARD_LIBRARIES = YES;
				CODE_SIGN_STYLE = Automatic;
				CURRENT_PROJECT_VERSION = 1;
				GENERATE_INFOPLIST_FILE = YES;
				MARKETING_VERSION = 1.0;
				PRODUCT_BUNDLE_IDENTIFIER = com.yeldarkaisabekov.CardWorkoutUITests;
				PRODUCT_NAME = "$(TARGET_NAME)";
				SWIFT_EMIT_LOC_STRINGS = NO;
				SWIFT_VERSION = 5.0;
				TARGETED_DEVICE_FAMILY = "1,2";
				TEST_TARGET_NAME = CardWorkout;
			};
			name = Debug;
		};
		20353D1229BA0D5900F6BD91 /* Release */ = {
			isa = XCBuildConfiguration;
			buildSettings = {
				ALWAYS_EMBED_SWIFT_STANDARD_LIBRARIES = YES;
				CODE_SIGN_STYLE = Automatic;
				CURRENT_PROJECT_VERSION = 1;
				GENERATE_INFOPLIST_FILE = YES;
				MARKETING_VERSION = 1.0;
				PRODUCT_BUNDLE_IDENTIFIER = com.yeldarkaisabekov.CardWorkoutUITests;
				PRODUCT_NAME = "$(TARGET_NAME)";
				SWIFT_EMIT_LOC_STRINGS = NO;
				SWIFT_VERSION = 5.0;
				TARGETED_DEVICE_FAMILY = "1,2";
				TEST_TARGET_NAME = CardWorkout;
			};
			name = Release;
		};
/* End XCBuildConfiguration section */

/* Begin XCConfigurationList section */
		20353CDB29BA0D5800F6BD91 /* Build configuration list for PBXProject "CardWorkout" */ = {
			isa = XCConfigurationList;
			buildConfigurations = (
				20353D0829BA0D5900F6BD91 /* Debug */,
				20353D0929BA0D5900F6BD91 /* Release */,
			);
			defaultConfigurationIsVisible = 0;
			defaultConfigurationName = Release;
		};
		20353D0A29BA0D5900F6BD91 /* Build configuration list for PBXNativeTarget "CardWorkout" */ = {
			isa = XCConfigurationList;
			buildConfigurations = (
				20353D0B29BA0D5900F6BD91 /* Debug */,
				20353D0C29BA0D5900F6BD91 /* Release */,
			);
			defaultConfigurationIsVisible = 0;
			defaultConfigurationName = Release;
		};
		20353D0D29BA0D5900F6BD91 /* Build configuration list for PBXNativeTarget "CardWorkoutTests" */ = {
			isa = XCConfigurationList;
			buildConfigurations = (
				20353D0E29BA0D5900F6BD91 /* Debug */,
				20353D0F29BA0D5900F6BD91 /* Release */,
			);
			defaultConfigurationIsVisible = 0;
			defaultConfigurationName = Release;
		};
		20353D1029BA0D5900F6BD91 /* Build configuration list for PBXNativeTarget "CardWorkoutUITests" */ = {
			isa = XCConfigurationList;
			buildConfigurations = (
				20353D1129BA0D5900F6BD91 /* Debug */,
				20353D1229BA0D5900F6BD91 /* Release */,
			);
			defaultConfigurationIsVisible = 0;
			defaultConfigurationName = Release;
		};
/* End XCConfigurationList section */
	};
	rootObject = 20353CD829BA0D5800F6BD91 /* Project object */;
}
